
Microsoft Visual Studio Solution File, Format Version 10.00
# Visual Studio 2008
Project("{8BC9CEB8-8B4A-11D0-8D11-00A0C91BC942}") = "MapDataImporter", "MapDataImporter\MapDataImporter.vcproj", "{D2184A4A-19A9-4F68-95F7-D7CE93852AF6}"
EndProject
Project("{8BC9CEB8-8B4A-11D0-8D11-00A0C91BC942}") = "MapDataExporter", "MapDataExporter\MapDataExporter.vcproj", "{2F9015BA-F1B1-4033-8E5F-30EE6C9CE629}"
EndProject
Project("{8BC9CEB8-8B4A-11D0-8D11-00A0C91BC942}") = "NegotiateMapExporter", "NegotiateMapExporter\NegotiateMapExporter.vcproj", "{D00DA7C2-3C94-41CE-9CE6-0F5596C81727}"
EndProject
Project("{8BC9CEB8-8B4A-11D0-8D11-00A0C91BC942}") = "NegotiateMapImporter", "NegotiateMapImporter\NegotiateMapImporter.vcproj", "{FFE2D239-EB24-4DCA-9A4D-3A20DDF2F508}"
EndProject
Global
	GlobalSection(SolutionConfigurationPlatforms) = preSolution
		Debug|Win32 = Debug|Win32
		Release|Win32 = Release|Win32
	EndGlobalSection
	GlobalSection(ProjectConfigurationPlatforms) = postSolution
		{D2184A4A-19A9-4F68-95F7-D7CE93852AF6}.Debug|Win32.ActiveCfg = Debug|Win32
		{D2184A4A-19A9-4F68-95F7-D7CE93852AF6}.Debug|Win32.Build.0 = Debug|Win32
		{D2184A4A-19A9-4F68-95F7-D7CE93852AF6}.Release|Win32.ActiveCfg = Release|Win32
		{D2184A4A-19A9-4F68-95F7-D7CE93852AF6}.Release|Win32.Build.0 = Release|Win32
		{2F9015BA-F1B1-4033-8E5F-30EE6C9CE629}.Debug|Win32.ActiveCfg = Debug|Win32
		{2F9015BA-F1B1-4033-8E5F-30EE6C9CE629}.Debug|Win32.Build.0 = Debug|Win32
		{2F9015BA-F1B1-4033-8E5F-30EE6C9CE629}.Release|Win32.ActiveCfg = Release|Win32
		{2F9015BA-F1B1-4033-8E5F-30EE6C9CE629}.Release|Win32.Build.0 = Release|Win32
		{D00DA7C2-3C94-41CE-9CE6-0F5596C81727}.Debug|Win32.ActiveCfg = Debug|Win32
		{D00DA7C2-3C94-41CE-9CE6-0F5596C81727}.Debug|Win32.Build.0 = Debug|Win32
		{D00DA7C2-3C94-41CE-9CE6-0F5596C81727}.Release|Win32.ActiveCfg = Release|Win32
		{D00DA7C2-3C94-41CE-9CE6-0F5596C81727}.Release|Win32.Build.0 = Release|Win32
		{FFE2D239-EB24-4DCA-9A4D-3A20DDF2F508}.Debug|Win32.ActiveCfg = Debug|Win32
		{FFE2D239-EB24-4DCA-9A4D-3A20DDF2F508}.Debug|Win32.Build.0 = Debug|Win32
		{FFE2D239-EB24-4DCA-9A4D-3A20DDF2F508}.Release|Win32.ActiveCfg = Release|Win32
		{FFE2D239-EB24-4DCA-9A4D-3A20DDF2F508}.Release|Win32.Build.0 = Release|Win32
	EndGlobalSection
	GlobalSection(SolutionProperties) = preSolution
		HideSolutionNode = FALSE
	EndGlobalSection
EndGlobal
